{
  "name": "digital-album",
  "version": "0.1.0",
  "lockfileVersion": 3,
  "requires": true,
  "packages": {
    "": {
      "name": "digital-album",
      "version": "0.1.0",
      "workspaces": [
        "src/frontend",
        "src/backend"
      ]
    },
    "node_modules/@digital-album/backend": {
      "resolved": "src/backend",
      "link": true
    },
    "node_modules/@digital-album/frontend": {
      "resolved": "src/frontend",
      "link": true
    },
    "src/backend": {
      "name": "@digital-album/backend",
      "version": "0.1.0"
    },
    "src/frontend": {
      "name": "@digital-album/frontend",
      "version": "0.1.0"
    }
  }
}
